
Microsoft Visual Studio Solution File, Format Version 12.00
# Visual Studio Version 16
VisualStudioVersion = 16.0.31321.278
MinimumVisualStudioVersion = 10.0.40219.1
Project("{FAE04EC0-301F-11D3-BF4B-00C04F79EFBC}") = "R6 Region Switcher", "R6 Region Switcher\R6 Region Switcher.csproj", "{FBFFD8CC-9A85-4FC0-91D4-8DBF502C3929}"
EndProject
Global
	GlobalSection(SolutionConfigurationPlatforms) = preSolution
		Debug|Any CPU = Debug|Any CPU
		Release|Any CPU = Release|Any CPU
	EndGlobalSection
	GlobalSection(ProjectConfigurationPlatforms) = postSolution
		{FBFFD8CC-9A85-4FC0-91D4-8DBF502C3929}.Debug|Any CPU.ActiveCfg = Debug|Any CPU
		{FBFFD8CC-9A85-4FC0-91D4-8DBF502C3929}.Debug|Any CPU.Build.0 = Debug|Any CPU
		{FBFFD8CC-9A85-4FC0-91D4-8DBF502C3929}.Release|Any CPU.ActiveCfg = Release|Any CPU
		{FBFFD8CC-9A85-4FC0-91D4-8DBF502C3929}.Release|Any CPU.Build.0 = Release|Any CPU
	EndGlobalSection
	GlobalSection(SolutionProperties) = preSolution
		HideSolutionNode = FALSE
	EndGlobalSection
	GlobalSection(ExtensibilityGlobals) = postSolution
		SolutionGuid = {3BD3CE7D-C810-492C-9474-FC21D02F0560}
	EndGlobalSection
EndGlobal
